{
  "name": "ordered-json-install-check",
  "lockfileVersion": 3,
  "requires": true,
  "packages": {
    "": {
      "name": "ordered-json-install-check",
      "dependencies": {
        "@polyspec/ordered-json": "file:polyspec-ordered-json-0.0.3.tgz"
      }
    },
    "node_modules/@polyspec/ordered-json": {
      "version": "0.0.3",
      "resolved": "file:polyspec-ordered-json-0.0.3.tgz",
      "engines": {
        "node": ">=20"
      }
    }
  }
}
